// !$*UTF8*$!
{
	archiveVersion = 1;
	classes = {
	};
	objectVersion = 56;
	objects = {

/* Begin PBXBuildFile section */
		AA000001 /* BlinkApp.swift in Sources */ = {isa = PBXBuildFile; fileRef = AB000001 /* BlinkApp.swift */; };
		AA000002 /* AppState.swift in Sources */ = {isa = PBXBuildFile; fileRef = AB000002 /* AppState.swift */; };
		AA000003 /* DevServer.swift in Sources */ = {isa = PBXBuildFile; fileRef = AB000003 /* DevServer.swift */; };
		AA000004 /* Simulator.swift in Sources */ = {isa = PBXBuildFile; fileRef = AB000004 /* Simulator.swift */; };
		AA000005 /* Shell.swift in Sources */ = {isa = PBXBuildFile; fileRef = AB000005 /* Shell.swift */; };
		AA000006 /* PortScanner.swift in Sources */ = {isa = PBXBuildFile; fileRef = AB000006 /* PortScanner.swift */; };
		AA000007 /* ProcessResolver.swift in Sources */ = {isa = PBXBuildFile; fileRef = AB000007 /* ProcessResolver.swift */; };
		AA000008 /* SimulatorMonitor.swift in Sources */ = {isa = PBXBuildFile; fileRef = AB000008 /* SimulatorMonitor.swift */; };
		AA000009 /* MenuBarView.swift in Sources */ = {isa = PBXBuildFile; fileRef = AB000009 /* MenuBarView.swift */; };
		AA000010 /* ServerRowView.swift in Sources */ = {isa = PBXBuildFile; fileRef = AB000010 /* ServerRowView.swift */; };
		AA000011 /* SimulatorRowView.swift in Sources */ = {isa = PBXBuildFile; fileRef = AB000011 /* SimulatorRowView.swift */; };
		AA000012 /* EmptyStateView.swift in Sources */ = {isa = PBXBuildFile; fileRef = AB000012 /* EmptyStateView.swift */; };
		AA000013 /* RobotHead.swift in Sources */ = {isa = PBXBuildFile; fileRef = AB000013 /* RobotHead.swift */; };
		AA000014 /* MenuBarIcon.swift in Sources */ = {isa = PBXBuildFile; fileRef = AB000014 /* MenuBarIcon.swift */; };
		AA000015 /* PulseDot.swift in Sources */ = {isa = PBXBuildFile; fileRef = AB000015 /* PulseDot.swift */; };
		AA000016 /* Assets.xcassets in Resources */ = {isa = PBXBuildFile; fileRef = AB000016 /* Assets.xcassets */; };
		AA000017 /* HoverRow.swift in Sources */ = {isa = PBXBuildFile; fileRef = AB000017 /* HoverRow.swift */; };
		AA000018 /* WelcomeView.swift in Sources */ = {isa = PBXBuildFile; fileRef = AB000018 /* WelcomeView.swift */; };
		AA000019 /* WelcomeWindowController.swift in Sources */ = {isa = PBXBuildFile; fileRef = AB000019 /* WelcomeWindowController.swift */; };
/* End PBXBuildFile section */

/* Begin PBXFileReference section */
		AB000001 /* BlinkApp.swift */ = {isa = PBXFileReference; lastKnownFileType = sourcecode.swift; path = BlinkApp.swift; sourceTree = "<group>"; };
		AB000002 /* AppState.swift */ = {isa = PBXFileReference; lastKnownFileType = sourcecode.swift; path = AppState.swift; sourceTree = "<group>"; };
		AB000003 /* DevServer.swift */ = {isa = PBXFileReference; lastKnownFileType = sourcecode.swift; path = DevServer.swift; sourceTree = "<group>"; };
		AB000004 /* Simulator.swift */ = {isa = PBXFileReference; lastKnownFileType = sourcecode.swift; path = Simulator.swift; sourceTree = "<group>"; };
		AB000005 /* Shell.swift */ = {isa = PBXFileReference; lastKnownFileType = sourcecode.swift; path = Shell.swift; sourceTree = "<group>"; };
		AB000006 /* PortScanner.swift */ = {isa = PBXFileReference; lastKnownFileType = sourcecode.swift; path = PortScanner.swift; sourceTree = "<group>"; };
		AB000007 /* ProcessResolver.swift */ = {isa = PBXFileReference; lastKnownFileType = sourcecode.swift; path = ProcessResolver.swift; sourceTree = "<group>"; };
		AB000008 /* SimulatorMonitor.swift */ = {isa = PBXFileReference; lastKnownFileType = sourcecode.swift; path = SimulatorMonitor.swift; sourceTree = "<group>"; };
		AB000009 /* MenuBarView.swift */ = {isa = PBXFileReference; lastKnownFileType = sourcecode.swift; path = MenuBarView.swift; sourceTree = "<group>"; };
		AB000010 /* ServerRowView.swift */ = {isa = PBXFileReference; lastKnownFileType = sourcecode.swift; path = ServerRowView.swift; sourceTree = "<group>"; };
		AB000011 /* SimulatorRowView.swift */ = {isa = PBXFileReference; lastKnownFileType = sourcecode.swift; path = SimulatorRowView.swift; sourceTree = "<group>"; };
		AB000012 /* EmptyStateView.swift */ = {isa = PBXFileReference; lastKnownFileType = sourcecode.swift; path = EmptyStateView.swift; sourceTree = "<group>"; };
		AB000013 /* RobotHead.swift */ = {isa = PBXFileReference; lastKnownFileType = sourcecode.swift; path = RobotHead.swift; sourceTree = "<group>"; };
		AB000014 /* MenuBarIcon.swift */ = {isa = PBXFileReference; lastKnownFileType = sourcecode.swift; path = MenuBarIcon.swift; sourceTree = "<group>"; };
		AB000015 /* PulseDot.swift */ = {isa = PBXFileReference; lastKnownFileType = sourcecode.swift; path = PulseDot.swift; sourceTree = "<group>"; };
		AB000016 /* Assets.xcassets */ = {isa = PBXFileReference; lastKnownFileType = folder.assetcatalog; path = Assets.xcassets; sourceTree = "<group>"; };
		AB000017 /* HoverRow.swift */ = {isa = PBXFileReference; lastKnownFileType = sourcecode.swift; path = HoverRow.swift; sourceTree = "<group>"; };
		AB000018 /* WelcomeView.swift */ = {isa = PBXFileReference; lastKnownFileType = sourcecode.swift; path = WelcomeView.swift; sourceTree = "<group>"; };
		AB000019 /* WelcomeWindowController.swift */ = {isa = PBXFileReference; lastKnownFileType = sourcecode.swift; path = WelcomeWindowController.swift; sourceTree = "<group>"; };
		AC000001 /* Blink.app */ = {isa = PBXFileReference; explicitFileType = wrapper.application; includeInIndex = 0; path = Blink.app; sourceTree = BUILT_PRODUCTS_DIR; };
/* End PBXFileReference section */

/* Begin PBXFrameworksBuildPhase section */
		AD000001 /* Frameworks */ = {
			isa = PBXFrameworksBuildPhase;
			buildActionMask = 2147483647;
			files = (
			);
			runOnlyForDeploymentPostprocessing = 0;
		};
/* End PBXFrameworksBuildPhase section */

/* Begin PBXGroup section */
		AE000001 = {
			isa = PBXGroup;
			children = (
				AE000002 /* Blink */,
				AE000006 /* Products */,
			);
			sourceTree = "<group>";
		};
		AE000002 /* Blink */ = {
			isa = PBXGroup;
			children = (
				AB000001 /* BlinkApp.swift */,
				AB000002 /* AppState.swift */,
				AE000003 /* Models */,
				AE000004 /* Services */,
				AE000005 /* Views */,
				AB000016 /* Assets.xcassets */,
			);
			path = Blink;
			sourceTree = "<group>";
		};
		AE000003 /* Models */ = {
			isa = PBXGroup;
			children = (
				AB000003 /* DevServer.swift */,
				AB000004 /* Simulator.swift */,
			);
			path = Models;
			sourceTree = "<group>";
		};
		AE000004 /* Services */ = {
			isa = PBXGroup;
			children = (
				AB000005 /* Shell.swift */,
				AB000006 /* PortScanner.swift */,
				AB000007 /* ProcessResolver.swift */,
				AB000008 /* SimulatorMonitor.swift */,
			);
			path = Services;
			sourceTree = "<group>";
		};
		AE000005 /* Views */ = {
			isa = PBXGroup;
			children = (
				AB000009 /* MenuBarView.swift */,
				AB000010 /* ServerRowView.swift */,
				AB000011 /* SimulatorRowView.swift */,
				AB000012 /* EmptyStateView.swift */,
				AB000013 /* RobotHead.swift */,
				AB000014 /* MenuBarIcon.swift */,
				AB000015 /* PulseDot.swift */,
				AB000017 /* HoverRow.swift */,
				AB000018 /* WelcomeView.swift */,
				AB000019 /* WelcomeWindowController.swift */,
			);
			path = Views;
			sourceTree = "<group>";
		};
		AE000006 /* Products */ = {
			isa = PBXGroup;
			children = (
				AC000001 /* Blink.app */,
			);
			name = Products;
			sourceTree = "<group>";
		};
/* End PBXGroup section */

/* Begin PBXNativeTarget section */
		AF000001 /* Blink */ = {
			isa = PBXNativeTarget;
			buildConfigurationList = B1000001 /* Build configuration list for PBXNativeTarget "Blink" */;
			buildPhases = (
				AG000001 /* Sources */,
				AD000001 /* Frameworks */,
				AH000001 /* Resources */,
			);
			buildRules = (
			);
			dependencies = (
			);
			name = Blink;
			productName = Blink;
			productReference = AC000001 /* Blink.app */;
			productType = "com.apple.product-type.application";
		};
/* End PBXNativeTarget section */

/* Begin PBXProject section */
		AI000001 /* Project object */ = {
			isa = PBXProject;
			attributes = {
				BuildIndependentTargetsInParallel = 1;
				LastSwiftUpdateCheck = 1540;
				LastUpgradeCheck = 2630;
			};
			buildConfigurationList = B2000001 /* Build configuration list for PBXProject "Blink" */;
			compatibilityVersion = "Xcode 14.0";
			developmentRegion = en;
			hasScannedForEncodings = 0;
			knownRegions = (
				en,
				Base,
			);
			mainGroup = AE000001;
			productRefGroup = AE000006 /* Products */;
			projectDirPath = "";
			projectRoot = "";
			targets = (
				AF000001 /* Blink */,
			);
		};
/* End PBXProject section */

/* Begin PBXResourcesBuildPhase section */
		AH000001 /* Resources */ = {
			isa = PBXResourcesBuildPhase;
			buildActionMask = 2147483647;
			files = (
				AA000016 /* Assets.xcassets in Resources */,
			);
			runOnlyForDeploymentPostprocessing = 0;
		};
/* End PBXResourcesBuildPhase section */

/* Begin PBXSourcesBuildPhase section */
		AG000001 /* Sources */ = {
			isa = PBXSourcesBuildPhase;
			buildActionMask = 2147483647;
			files = (
				AA000001 /* BlinkApp.swift in Sources */,
				AA000002 /* AppState.swift in Sources */,
				AA000003 /* DevServer.swift in Sources */,
				AA000004 /* Simulator.swift in Sources */,
				AA000005 /* Shell.swift in Sources */,
				AA000006 /* PortScanner.swift in Sources */,
				AA000007 /* ProcessResolver.swift in Sources */,
				AA000008 /* SimulatorMonitor.swift in Sources */,
				AA000009 /* MenuBarView.swift in Sources */,
				AA000010 /* ServerRowView.swift in Sources */,
				AA000011 /* SimulatorRowView.swift in Sources */,
				AA000012 /* EmptyStateView.swift in Sources */,
				AA000013 /* RobotHead.swift in Sources */,
				AA000014 /* MenuBarIcon.swift in Sources */,
				AA000015 /* PulseDot.swift in Sources */,
				AA000017 /* HoverRow.swift in Sources */,
				AA000018 /* WelcomeView.swift in Sources */,
				AA000019 /* WelcomeWindowController.swift in Sources */,
			);
			runOnlyForDeploymentPostprocessing = 0;
		};
/* End PBXSourcesBuildPhase section */

/* Begin XCBuildConfiguration section */
		B3000001 /* Debug */ = {
			isa = XCBuildConfiguration;
			buildSettings = {
				ALWAYS_SEARCH_USER_PATHS = NO;
				ASSETCATALOG_COMPILER_GENERATE_SWIFT_ASSET_SYMBOL_EXTENSIONS = YES;
				CLANG_ANALYZER_NONNULL = YES;
				CLANG_CXX_LANGUAGE_STANDARD = "gnu++20";
				CLANG_ENABLE_MODULES = YES;
				CLANG_ENABLE_OBJC_ARC = YES;
				CLANG_WARN_BLOCK_CAPTURE_AUTORELEASING = YES;
				CLANG_WARN_BOOL_CONVERSION = YES;
				CLANG_WARN_COMMA = YES;
				CLANG_WARN_CONSTANT_CONVERSION = YES;
				CLANG_WARN_DEPRECATED_OBJC_IMPLEMENTATIONS = YES;
				CLANG_WARN_EMPTY_BODY = YES;
				CLANG_WARN_ENUM_CONVERSION = YES;
				CLANG_WARN_INFINITE_RECURSION = YES;
				CLANG_WARN_INT_CONVERSION = YES;
				CLANG_WARN_NON_LITERAL_NULL_CONVERSION = YES;
				CLANG_WARN_OBJC_IMPLICIT_RETAIN_SELF = YES;
				CLANG_WARN_OBJC_LITERAL_CONVERSION = YES;
				CLANG_WARN_QUOTED_INCLUDE_IN_FRAMEWORK_HEADER = YES;
				CLANG_WARN_RANGE_LOOP_ANALYSIS = YES;
				CLANG_WARN_STRICT_PROTOTYPES = YES;
				CLANG_WARN_SUSPICIOUS_MOVE = YES;
				CLANG_WARN_UNREACHABLE_CODE = YES;
				CLANG_WARN__DUPLICATE_METHOD_MATCH = YES;
				COPY_PHASE_STRIP = NO;
				DEAD_CODE_STRIPPING = YES;
				DEBUG_INFORMATION_FORMAT = dwarf;
				ENABLE_STRICT_OBJC_MSGSEND = YES;
				ENABLE_TESTABILITY = YES;
				ENABLE_USER_SCRIPT_SANDBOXING = YES;
				GCC_DYNAMIC_NO_PIC = NO;
				GCC_NO_COMMON_BLOCKS = YES;
				GCC_OPTIMIZATION_LEVEL = 0;
				GCC_PREPROCESSOR_DEFINITIONS = (
					"DEBUG=1",
					"$(inherited)",
				);
				GCC_WARN_64_TO_32_BIT_CONVERSION = YES;
				GCC_WARN_ABOUT_RETURN_TYPE = YES_ERROR;
				GCC_WARN_UNDECLARED_SELECTOR = YES;
				GCC_WARN_UNINITIALIZED_AUTOS = YES_AGGRESSIVE;
				GCC_WARN_UNUSED_FUNCTION = YES;
				GCC_WARN_UNUSED_VARIABLE = YES;
				MACOSX_DEPLOYMENT_TARGET = 14.0;
				MTL_ENABLE_DEBUG_INFO = INCLUDE_SOURCE;
				MTL_FAST_MATH = YES;
				ONLY_ACTIVE_ARCH = YES;
				SDKROOT = macosx;
				STRING_CATALOG_GENERATE_SYMBOLS = YES;
				SWIFT_ACTIVE_COMPILATION_CONDITIONS = "$(inherited) DEBUG";
				SWIFT_OPTIMIZATION_LEVEL = "-Onone";
				SWIFT_VERSION = 5.0;
			};
			name = Debug;
		};
		B3000002 /* Release */ = {
			isa = XCBuildConfiguration;
			buildSettings = {
				ALWAYS_SEARCH_USER_PATHS = NO;
				ASSETCATALOG_COMPILER_GENERATE_SWIFT_ASSET_SYMBOL_EXTENSIONS = YES;
				CLANG_ANALYZER_NONNULL = YES;
				CLANG_CXX_LANGUAGE_STANDARD = "gnu++20";
				CLANG_ENABLE_MODULES = YES;
				CLANG_ENABLE_OBJC_ARC = YES;
				CLANG_WARN_BLOCK_CAPTURE_AUTORELEASING = YES;
				CLANG_WARN_BOOL_CONVERSION = YES;
				CLANG_WARN_COMMA = YES;
				CLANG_WARN_CONSTANT_CONVERSION = YES;
				CLANG_WARN_DEPRECATED_OBJC_IMPLEMENTATIONS = YES;
				CLANG_WARN_EMPTY_BODY = YES;
				CLANG_WARN_ENUM_CONVERSION = YES;
				CLANG_WARN_INFINITE_RECURSION = YES;
				CLANG_WARN_INT_CONVERSION = YES;
				CLANG_WARN_NON_LITERAL_NULL_CONVERSION = YES;
				CLANG_WARN_OBJC_IMPLICIT_RETAIN_SELF = YES;
				CLANG_WARN_OBJC_LITERAL_CONVERSION = YES;
				CLANG_WARN_QUOTED_INCLUDE_IN_FRAMEWORK_HEADER = YES;
				CLANG_WARN_RANGE_LOOP_ANALYSIS = YES;
				CLANG_WARN_STRICT_PROTOTYPES = YES;
				CLANG_WARN_SUSPICIOUS_MOVE = YES;
				CLANG_WARN_UNREACHABLE_CODE = YES;
				CLANG_WARN__DUPLICATE_METHOD_MATCH = YES;
				COPY_PHASE_STRIP = NO;
				DEAD_CODE_STRIPPING = YES;
				DEBUG_INFORMATION_FORMAT = "dwarf-with-dsym";
				ENABLE_NS_ASSERTIONS = NO;
				ENABLE_STRICT_OBJC_MSGSEND = YES;
				ENABLE_USER_SCRIPT_SANDBOXING = YES;
				GCC_NO_COMMON_BLOCKS = YES;
				GCC_WARN_64_TO_32_BIT_CONVERSION = YES;
				GCC_WARN_ABOUT_RETURN_TYPE = YES_ERROR;
				GCC_WARN_UNDECLARED_SELECTOR = YES;
				GCC_WARN_UNINITIALIZED_AUTOS = YES_AGGRESSIVE;
				GCC_WARN_UNUSED_FUNCTION = YES;
				GCC_WARN_UNUSED_VARIABLE = YES;
				MACOSX_DEPLOYMENT_TARGET = 14.0;
				MTL_ENABLE_DEBUG_INFO = NO;
				MTL_FAST_MATH = YES;
				SDKROOT = macosx;
				STRING_CATALOG_GENERATE_SYMBOLS = YES;
				SWIFT_COMPILATION_MODE = wholemodule;
				SWIFT_VERSION = 5.0;
			};
			name = Release;
		};
		B4000001 /* Debug */ = {
			isa = XCBuildConfiguration;
			buildSettings = {
				ASSETCATALOG_COMPILER_APPICON_NAME = AppIcon;
				CODE_SIGN_ENTITLEMENTS = "";
				"CODE_SIGN_IDENTITY[sdk=macosx*]" = "Developer ID Application";
				CODE_SIGN_STYLE = Manual;
				COMBINE_HIDPI_IMAGES = YES;
				CURRENT_PROJECT_VERSION = 2;
				DEAD_CODE_STRIPPING = YES;
				DEVELOPMENT_TEAM = "";
				"DEVELOPMENT_TEAM[sdk=macosx*]" = SARBM2PYZ7;
				ENABLE_HARDENED_RUNTIME = YES;
				GENERATE_INFOPLIST_FILE = YES;
				INFOPLIST_FILE = "";
				INFOPLIST_KEY_LSApplicationCategoryType = "public.app-category.developer-tools";
				INFOPLIST_KEY_LSUIElement = YES;
				INFOPLIST_KEY_NSHumanReadableCopyright = "Copyright © 2026 mo.software";
				LD_RUNPATH_SEARCH_PATHS = (
					"$(inherited)",
					"@executable_path/../Frameworks",
				);
				MARKETING_VERSION = 1.1;
				PRODUCT_BUNDLE_IDENTIFIER = co.deliciouslyhuman.Blink;
				PRODUCT_NAME = "$(TARGET_NAME)";
				PROVISIONING_PROFILE_SPECIFIER = "";
				SWIFT_EMIT_LOC_STRINGS = YES;
				SWIFT_VERSION = 5.0;
			};
			name = Debug;
		};
		B4000002 /* Release */ = {
			isa = XCBuildConfiguration;
			buildSettings = {
				ASSETCATALOG_COMPILER_APPICON_NAME = AppIcon;
				CODE_SIGN_ENTITLEMENTS = "";
				"CODE_SIGN_IDENTITY[sdk=macosx*]" = "Developer ID Application";
				CODE_SIGN_STYLE = Manual;
				COMBINE_HIDPI_IMAGES = YES;
				CURRENT_PROJECT_VERSION = 2;
				DEAD_CODE_STRIPPING = YES;
				DEVELOPMENT_TEAM = "";
				"DEVELOPMENT_TEAM[sdk=macosx*]" = SARBM2PYZ7;
				ENABLE_HARDENED_RUNTIME = YES;
				GENERATE_INFOPLIST_FILE = YES;
				INFOPLIST_FILE = "";
				INFOPLIST_KEY_LSApplicationCategoryType = "public.app-category.developer-tools";
				INFOPLIST_KEY_LSUIElement = YES;
				INFOPLIST_KEY_NSHumanReadableCopyright = "Copyright © 2026 mo.software";
				LD_RUNPATH_SEARCH_PATHS = (
					"$(inherited)",
					"@executable_path/../Frameworks",
				);
				MARKETING_VERSION = 1.1;
				PRODUCT_BUNDLE_IDENTIFIER = co.deliciouslyhuman.Blink;
				PRODUCT_NAME = "$(TARGET_NAME)";
				PROVISIONING_PROFILE_SPECIFIER = "";
				SWIFT_EMIT_LOC_STRINGS = YES;
				SWIFT_VERSION = 5.0;
			};
			name = Release;
		};
/* End XCBuildConfiguration section */

/* Begin XCConfigurationList section */
		B1000001 /* Build configuration list for PBXNativeTarget "Blink" */ = {
			isa = XCConfigurationList;
			buildConfigurations = (
				B4000001 /* Debug */,
				B4000002 /* Release */,
			);
			defaultConfigurationIsVisible = 0;
			defaultConfigurationName = Release;
		};
		B2000001 /* Build configuration list for PBXProject "Blink" */ = {
			isa = XCConfigurationList;
			buildConfigurations = (
				B3000001 /* Debug */,
				B3000002 /* Release */,
			);
			defaultConfigurationIsVisible = 0;
			defaultConfigurationName = Release;
		};
/* End XCConfigurationList section */
	};
	rootObject = AI000001 /* Project object */;
}
